{
  "requires": true,
  "lockfileVersion": 1,
  "dependencies": {
    "@materials/CWPDeliveryWebsite-delivery-toolbar": {
      "version": "1.0.1",
      "resolved": "http://w3-beta.huawei.com:80/artifactory/api/npm/npm-all/@materials/CWPDeliveryWebsite-delivery-toolbar/-/@materials/CWPDeliveryWebsite-delivery-toolbar-1.0.1.tgz",
      "integrity": "sha1-X04cW5cjIh+z87SJPuMQYOyZLkE=",
      "requires": {
        "axios": "^0.21.1"
      }
    },
    "axios": {
      "version": "0.21.1",
      "resolved": "http://w3-beta.huawei.com:80/artifactory/api/npm/npm-all/axios/-/axios-0.21.1.tgz",
      "integrity": "sha1-IlY0gZYvTWvemnbVFu8OXTwJsrg=",
      "requires": {
        "follow-redirects": "^1.10.0"
      }
    },
    "follow-redirects": {
      "version": "1.14.0",
      "resolved": "http://w3-beta.huawei.com:80/artifactory/api/npm/npm-all/follow-redirects/-/follow-redirects-1.14.0.tgz",
      "integrity": "sha1-9dJg+VxfjBBYlEkf7uXciZO0Av4="
    }
  }
}
